
Microsoft Visual Studio Solution File, Format Version 12.00
# Visual Studio 2015
Project("{FAE04EC0-301F-11D3-BF4B-00C04F79EFBC}") = "ActionRpgKit.Unity.IntegrationTests.CSharp", "ActionRpgKit.Unity.IntegrationTests.CSharp.csproj", "{75AD4A5D-655A-D4AB-5044-19FCDB9C9004}"
EndProject
Project("{FAE04EC0-301F-11D3-BF4B-00C04F79EFBC}") = "ActionRpgKit.Unity.IntegrationTests.CSharp.Editor", "ActionRpgKit.Unity.IntegrationTests.CSharp.Editor.csproj", "{7757EEC7-10CD-3D9D-0BAD-6B02D746D2C2}"
EndProject
Global
	GlobalSection(SolutionConfigurationPlatforms) = preSolution
		Debug|Any CPU = Debug|Any CPU
		Release|Any CPU = Release|Any CPU
	EndGlobalSection
	GlobalSection(ProjectConfigurationPlatforms) = postSolution
		{75AD4A5D-655A-D4AB-5044-19FCDB9C9004}.Debug|Any CPU.ActiveCfg = Debug|Any CPU
		{75AD4A5D-655A-D4AB-5044-19FCDB9C9004}.Debug|Any CPU.Build.0 = Debug|Any CPU
		{75AD4A5D-655A-D4AB-5044-19FCDB9C9004}.Release|Any CPU.ActiveCfg = Release|Any CPU
		{75AD4A5D-655A-D4AB-5044-19FCDB9C9004}.Release|Any CPU.Build.0 = Release|Any CPU
		{7757EEC7-10CD-3D9D-0BAD-6B02D746D2C2}.Debug|Any CPU.ActiveCfg = Debug|Any CPU
		{7757EEC7-10CD-3D9D-0BAD-6B02D746D2C2}.Debug|Any CPU.Build.0 = Debug|Any CPU
		{7757EEC7-10CD-3D9D-0BAD-6B02D746D2C2}.Release|Any CPU.ActiveCfg = Release|Any CPU
		{7757EEC7-10CD-3D9D-0BAD-6B02D746D2C2}.Release|Any CPU.Build.0 = Release|Any CPU
	EndGlobalSection
	GlobalSection(SolutionProperties) = preSolution
		HideSolutionNode = FALSE
	EndGlobalSection
EndGlobal
